
Microsoft Visual Studio Solution File, Format Version 12.00
# Visual Studio Version 16
VisualStudioVersion = 16.0.31729.503
MinimumVisualStudioVersion = 10.0.40219.1
Project("{FAE04EC0-301F-11D3-BF4B-00C04F79EFBC}") = "LingToSQL", "LingToSQL\LingToSQL.csproj", "{D71915B7-6B97-407E-B6F3-E2526440F7A3}"
EndProject
Global
	GlobalSection(SolutionConfigurationPlatforms) = preSolution
		Debug|Any CPU = Debug|Any CPU
		Release|Any CPU = Release|Any CPU
	EndGlobalSection
	GlobalSection(ProjectConfigurationPlatforms) = postSolution
		{D71915B7-6B97-407E-B6F3-E2526440F7A3}.Debug|Any CPU.ActiveCfg = Debug|Any CPU
		{D71915B7-6B97-407E-B6F3-E2526440F7A3}.Debug|Any CPU.Build.0 = Debug|Any CPU
		{D71915B7-6B97-407E-B6F3-E2526440F7A3}.Release|Any CPU.ActiveCfg = Release|Any CPU
		{D71915B7-6B97-407E-B6F3-E2526440F7A3}.Release|Any CPU.Build.0 = Release|Any CPU
	EndGlobalSection
	GlobalSection(SolutionProperties) = preSolution
		HideSolutionNode = FALSE
	EndGlobalSection
	GlobalSection(ExtensibilityGlobals) = postSolution
		SolutionGuid = {4D22DA1F-C0A2-4653-8142-CFA16D715430}
	EndGlobalSection
EndGlobal
